
Microsoft Visual Studio Solution File, Format Version 12.00
# Visual Studio 14
VisualStudioVersion = 14.0.25420.1
MinimumVisualStudioVersion = 10.0.40219.1
Project("{2150E333-8FDC-42A3-9474-1A3956D46DE8}") = "src", "src", "{7D9B3542-4126-4B65-ADFD-89EED01A5B82}"
EndProject
Project("{2150E333-8FDC-42A3-9474-1A3956D46DE8}") = "Solution Items", "Solution Items", "{57C569FD-3E28-4AFF-8ACE-ABEE2612C505}"
	ProjectSection(SolutionItems) = preProject
		global.json = global.json
	EndProjectSection
EndProject
Project("{8BB2217D-0F2D-49D1-97BC-3654ED321F3B}") = "OrderPaper.Web", "src\OrderPaper.Web\OrderPaper.Web.xproj", "{3D13E2A8-6DF2-4E68-AEA8-F7B62B97BAC2}"
EndProject
Global
	GlobalSection(SolutionConfigurationPlatforms) = preSolution
		Debug|Any CPU = Debug|Any CPU
		Release|Any CPU = Release|Any CPU
	EndGlobalSection
	GlobalSection(ProjectConfigurationPlatforms) = postSolution
		{3D13E2A8-6DF2-4E68-AEA8-F7B62B97BAC2}.Debug|Any CPU.ActiveCfg = Debug|Any CPU
		{3D13E2A8-6DF2-4E68-AEA8-F7B62B97BAC2}.Debug|Any CPU.Build.0 = Debug|Any CPU
		{3D13E2A8-6DF2-4E68-AEA8-F7B62B97BAC2}.Release|Any CPU.ActiveCfg = Release|Any CPU
		{3D13E2A8-6DF2-4E68-AEA8-F7B62B97BAC2}.Release|Any CPU.Build.0 = Release|Any CPU
	EndGlobalSection
	GlobalSection(SolutionProperties) = preSolution
		HideSolutionNode = FALSE
	EndGlobalSection
	GlobalSection(NestedProjects) = preSolution
		{3D13E2A8-6DF2-4E68-AEA8-F7B62B97BAC2} = {7D9B3542-4126-4B65-ADFD-89EED01A5B82}
	EndGlobalSection
EndGlobal
